// !$*UTF8*$!
{
	archiveVersion = 1;
	classes = {
	};
	objectVersion = 55;
	objects = {

/* Begin PBXBuildFile section */
		02AAAFD56207485965027DBD /* Pods_andFactoryTestApp_andFactoryTestAppUITests.framework in Frameworks */ = {isa = PBXBuildFile; fileRef = BA6146FD1C603929942288AF /* Pods_andFactoryTestApp_andFactoryTestAppUITests.framework */; };
		2A97A56C28B38BC800AA51D4 /* AppDelegate.swift in Sources */ = {isa = PBXBuildFile; fileRef = 2A97A56B28B38BC800AA51D4 /* AppDelegate.swift */; };
		2A97A56E28B38BC800AA51D4 /* SceneDelegate.swift in Sources */ = {isa = PBXBuildFile; fileRef = 2A97A56D28B38BC800AA51D4 /* SceneDelegate.swift */; };
		2A97A57028B38BC800AA51D4 /* GithubUserListViewController.swift in Sources */ = {isa = PBXBuildFile; fileRef = 2A97A56F28B38BC800AA51D4 /* GithubUserListViewController.swift */; };
		2A97A57328B38BC800AA51D4 /* Main.storyboard in Resources */ = {isa = PBXBuildFile; fileRef = 2A97A57128B38BC800AA51D4 /* Main.storyboard */; };
		2A97A57528B38BCA00AA51D4 /* Assets.xcassets in Resources */ = {isa = PBXBuildFile; fileRef = 2A97A57428B38BCA00AA51D4 /* Assets.xcassets */; };
		2A97A57828B38BCA00AA51D4 /* LaunchScreen.storyboard in Resources */ = {isa = PBXBuildFile; fileRef = 2A97A57628B38BCA00AA51D4 /* LaunchScreen.storyboard */; };
		2A97A58328B38BCA00AA51D4 /* AndFactoryTestAppTests.swift in Sources */ = {isa = PBXBuildFile; fileRef = 2A97A58228B38BCA00AA51D4 /* AndFactoryTestAppTests.swift */; };
		2A97A58D28B38BCA00AA51D4 /* AndFactoryTestAppUITests.swift in Sources */ = {isa = PBXBuildFile; fileRef = 2A97A58C28B38BCA00AA51D4 /* AndFactoryTestAppUITests.swift */; };
		2A97A58F28B38BCA00AA51D4 /* AndFactoryTestAppUITestsLaunchTests.swift in Sources */ = {isa = PBXBuildFile; fileRef = 2A97A58E28B38BCA00AA51D4 /* AndFactoryTestAppUITestsLaunchTests.swift */; };
		2A97A59C28B3A2F800AA51D4 /* Multilingual.swift in Sources */ = {isa = PBXBuildFile; fileRef = 2A97A59B28B3A2F800AA51D4 /* Multilingual.swift */; };
		2A97A59F28B3A8CE00AA51D4 /* GithubUserListTableViewCell.swift in Sources */ = {isa = PBXBuildFile; fileRef = 2A97A59D28B3A8CE00AA51D4 /* GithubUserListTableViewCell.swift */; };
		2A97A5A028B3A8CE00AA51D4 /* GithubUserListTableViewCell.xib in Resources */ = {isa = PBXBuildFile; fileRef = 2A97A59E28B3A8CE00AA51D4 /* GithubUserListTableViewCell.xib */; };
		2A97A5A328B3CB5500AA51D4 /* Users.swift in Sources */ = {isa = PBXBuildFile; fileRef = 2A97A5A228B3CB5500AA51D4 /* Users.swift */; };
		2A97A5A728B3CD7E00AA51D4 /* GithubAPIClient.swift in Sources */ = {isa = PBXBuildFile; fileRef = 2A97A5A628B3CD7E00AA51D4 /* GithubAPIClient.swift */; };
		2A97A5A928B3D00300AA51D4 /* GithubSearchAPIModel.swift in Sources */ = {isa = PBXBuildFile; fileRef = 2A97A5A828B3D00300AA51D4 /* GithubSearchAPIModel.swift */; };
		2A97A5AB28B3D49D00AA51D4 /* GithubUserSearchViewModel.swift in Sources */ = {isa = PBXBuildFile; fileRef = 2A97A5AA28B3D49D00AA51D4 /* GithubUserSearchViewModel.swift */; };
		2A97A5AD28B642FD00AA51D4 /* UISearchBar+Helper.swift in Sources */ = {isa = PBXBuildFile; fileRef = 2A97A5AC28B642FB00AA51D4 /* UISearchBar+Helper.swift */; };
		2A97A5AF28B652BF00AA51D4 /* ErrorManager.swift in Sources */ = {isa = PBXBuildFile; fileRef = 2A97A5AE28B652BE00AA51D4 /* ErrorManager.swift */; };
		2A97A5B128B6575700AA51D4 /* UIAlertHelper.swift in Sources */ = {isa = PBXBuildFile; fileRef = 2A97A5B028B6575700AA51D4 /* UIAlertHelper.swift */; };
		7A6FE4174C0BF47629CC8AAD /* Pods_andFactoryTestAppTests.framework in Frameworks */ = {isa = PBXBuildFile; fileRef = 11DC06AF7438950D6AE5CCB5 /* Pods_andFactoryTestAppTests.framework */; };
		9BF0B3DBFC9A19CBBC275BB6 /* Pods_andFactoryTestApp.framework in Frameworks */ = {isa = PBXBuildFile; fileRef = 79C5E9CA631422BC143D9C54 /* Pods_andFactoryTestApp.framework */; };
/* End PBXBuildFile section */

/* Begin PBXContainerItemProxy section */
		2A97A57F28B38BCA00AA51D4 /* PBXContainerItemProxy */ = {
			isa = PBXContainerItemProxy;
			containerPortal = 2A97A56028B38BC800AA51D4 /* Project object */;
			proxyType = 1;
			remoteGlobalIDString = 2A97A56728B38BC800AA51D4;
			remoteInfo = andFactoryTestApp;
		};
		2A97A58928B38BCA00AA51D4 /* PBXContainerItemProxy */ = {
			isa = PBXContainerItemProxy;
			containerPortal = 2A97A56028B38BC800AA51D4 /* Project object */;
			proxyType = 1;
			remoteGlobalIDString = 2A97A56728B38BC800AA51D4;
			remoteInfo = andFactoryTestApp;
		};
/* End PBXContainerItemProxy section */

/* Begin PBXFileReference section */
		11DC06AF7438950D6AE5CCB5 /* Pods_andFactoryTestAppTests.framework */ = {isa = PBXFileReference; explicitFileType = wrapper.framework; includeInIndex = 0; path = Pods_andFactoryTestAppTests.framework; sourceTree = BUILT_PRODUCTS_DIR; };
		14C6670A2D60488C50274AAF /* Pods-andFactoryTestApp.release.xcconfig */ = {isa = PBXFileReference; includeInIndex = 1; lastKnownFileType = text.xcconfig; name = "Pods-andFactoryTestApp.release.xcconfig"; path = "Target Support Files/Pods-andFactoryTestApp/Pods-andFactoryTestApp.release.xcconfig"; sourceTree = "<group>"; };
		2A97A56828B38BC800AA51D4 /* andFactoryTestApp.app */ = {isa = PBXFileReference; explicitFileType = wrapper.application; includeInIndex = 0; path = andFactoryTestApp.app; sourceTree = BUILT_PRODUCTS_DIR; };
		2A97A56B28B38BC800AA51D4 /* AppDelegate.swift */ = {isa = PBXFileReference; lastKnownFileType = sourcecode.swift; path = AppDelegate.swift; sourceTree = "<group>"; };
		2A97A56D28B38BC800AA51D4 /* SceneDelegate.swift */ = {isa = PBXFileReference; lastKnownFileType = sourcecode.swift; path = SceneDelegate.swift; sourceTree = "<group>"; };
		2A97A56F28B38BC800AA51D4 /* GithubUserListViewController.swift */ = {isa = PBXFileReference; lastKnownFileType = sourcecode.swift; path = GithubUserListViewController.swift; sourceTree = "<group>"; };
		2A97A57228B38BC800AA51D4 /* Base */ = {isa = PBXFileReference; lastKnownFileType = file.storyboard; name = Base; path = Base.lproj/Main.storyboard; sourceTree = "<group>"; };
		2A97A57428B38BCA00AA51D4 /* Assets.xcassets */ = {isa = PBXFileReference; lastKnownFileType = folder.assetcatalog; path = Assets.xcassets; sourceTree = "<group>"; };
		2A97A57728B38BCA00AA51D4 /* Base */ = {isa = PBXFileReference; lastKnownFileType = file.storyboard; name = Base; path = Base.lproj/LaunchScreen.storyboard; sourceTree = "<group>"; };
		2A97A57928B38BCA00AA51D4 /* Info.plist */ = {isa = PBXFileReference; lastKnownFileType = text.plist.xml; path = Info.plist; sourceTree = "<group>"; };
		2A97A57E28B38BCA00AA51D4 /* andFactoryTestAppTests.xctest */ = {isa = PBXFileReference; explicitFileType = wrapper.cfbundle; includeInIndex = 0; path = andFactoryTestAppTests.xctest; sourceTree = BUILT_PRODUCTS_DIR; };
		2A97A58228B38BCA00AA51D4 /* AndFactoryTestAppTests.swift */ = {isa = PBXFileReference; lastKnownFileType = sourcecode.swift; path = AndFactoryTestAppTests.swift; sourceTree = "<group>"; };
		2A97A58828B38BCA00AA51D4 /* andFactoryTestAppUITests.xctest */ = {isa = PBXFileReference; explicitFileType = wrapper.cfbundle; includeInIndex = 0; path = andFactoryTestAppUITests.xctest; sourceTree = BUILT_PRODUCTS_DIR; };
		2A97A58C28B38BCA00AA51D4 /* AndFactoryTestAppUITests.swift */ = {isa = PBXFileReference; lastKnownFileType = sourcecode.swift; path = AndFactoryTestAppUITests.swift; sourceTree = "<group>"; };
		2A97A58E28B38BCA00AA51D4 /* AndFactoryTestAppUITestsLaunchTests.swift */ = {isa = PBXFileReference; lastKnownFileType = sourcecode.swift; path = AndFactoryTestAppUITestsLaunchTests.swift; sourceTree = "<group>"; };
		2A97A59B28B3A2F800AA51D4 /* Multilingual.swift */ = {isa = PBXFileReference; lastKnownFileType = sourcecode.swift; path = Multilingual.swift; sourceTree = "<group>"; };
		2A97A59D28B3A8CE00AA51D4 /* GithubUserListTableViewCell.swift */ = {isa = PBXFileReference; lastKnownFileType = sourcecode.swift; path = GithubUserListTableViewCell.swift; sourceTree = "<group>"; };
		2A97A59E28B3A8CE00AA51D4 /* GithubUserListTableViewCell.xib */ = {isa = PBXFileReference; lastKnownFileType = file.xib; path = GithubUserListTableViewCell.xib; sourceTree = "<group>"; };
		2A97A5A228B3CB5500AA51D4 /* Users.swift */ = {isa = PBXFileReference; lastKnownFileType = sourcecode.swift; path = Users.swift; sourceTree = "<group>"; };
		2A97A5A628B3CD7E00AA51D4 /* GithubAPIClient.swift */ = {isa = PBXFileReference; lastKnownFileType = sourcecode.swift; path = GithubAPIClient.swift; sourceTree = "<group>"; };
		2A97A5A828B3D00300AA51D4 /* GithubSearchAPIModel.swift */ = {isa = PBXFileReference; lastKnownFileType = sourcecode.swift; path = GithubSearchAPIModel.swift; sourceTree = "<group>"; };
		2A97A5AA28B3D49D00AA51D4 /* GithubUserSearchViewModel.swift */ = {isa = PBXFileReference; lastKnownFileType = sourcecode.swift; path = GithubUserSearchViewModel.swift; sourceTree = "<group>"; };
		2A97A5AC28B642FB00AA51D4 /* UISearchBar+Helper.swift */ = {isa = PBXFileReference; lastKnownFileType = sourcecode.swift; path = "UISearchBar+Helper.swift"; sourceTree = "<group>"; };
		2A97A5AE28B652BE00AA51D4 /* ErrorManager.swift */ = {isa = PBXFileReference; lastKnownFileType = sourcecode.swift; path = ErrorManager.swift; sourceTree = "<group>"; };
		2A97A5B028B6575700AA51D4 /* UIAlertHelper.swift */ = {isa = PBXFileReference; lastKnownFileType = sourcecode.swift; path = UIAlertHelper.swift; sourceTree = "<group>"; };
		627D716AF71AC93346F4E685 /* Pods-andFactoryTestAppTests.debug.xcconfig */ = {isa = PBXFileReference; includeInIndex = 1; lastKnownFileType = text.xcconfig; name = "Pods-andFactoryTestAppTests.debug.xcconfig"; path = "Target Support Files/Pods-andFactoryTestAppTests/Pods-andFactoryTestAppTests.debug.xcconfig"; sourceTree = "<group>"; };
		79C5E9CA631422BC143D9C54 /* Pods_andFactoryTestApp.framework */ = {isa = PBXFileReference; explicitFileType = wrapper.framework; includeInIndex = 0; path = Pods_andFactoryTestApp.framework; sourceTree = BUILT_PRODUCTS_DIR; };
		85631D1C6F5224A0A7A58343 /* Pods-andFactoryTestAppTests.release.xcconfig */ = {isa = PBXFileReference; includeInIndex = 1; lastKnownFileType = text.xcconfig; name = "Pods-andFactoryTestAppTests.release.xcconfig"; path = "Target Support Files/Pods-andFactoryTestAppTests/Pods-andFactoryTestAppTests.release.xcconfig"; sourceTree = "<group>"; };
		9CED0400CF6D91FD5D4FD1A2 /* Pods-andFactoryTestApp-andFactoryTestAppUITests.release.xcconfig */ = {isa = PBXFileReference; includeInIndex = 1; lastKnownFileType = text.xcconfig; name = "Pods-andFactoryTestApp-andFactoryTestAppUITests.release.xcconfig"; path = "Target Support Files/Pods-andFactoryTestApp-andFactoryTestAppUITests/Pods-andFactoryTestApp-andFactoryTestAppUITests.release.xcconfig"; sourceTree = "<group>"; };
		B580BAE8933F330C46CAD9F2 /* Pods-andFactoryTestApp-andFactoryTestAppUITests.debug.xcconfig */ = {isa = PBXFileReference; includeInIndex = 1; lastKnownFileType = text.xcconfig; name = "Pods-andFactoryTestApp-andFactoryTestAppUITests.debug.xcconfig"; path = "Target Support Files/Pods-andFactoryTestApp-andFactoryTestAppUITests/Pods-andFactoryTestApp-andFactoryTestAppUITests.debug.xcconfig"; sourceTree = "<group>"; };
		BA6146FD1C603929942288AF /* Pods_andFactoryTestApp_andFactoryTestAppUITests.framework */ = {isa = PBXFileReference; explicitFileType = wrapper.framework; includeInIndex = 0; path = Pods_andFactoryTestApp_andFactoryTestAppUITests.framework; sourceTree = BUILT_PRODUCTS_DIR; };
		E60117A6FBBAEC75A2C5C4ED /* Pods-andFactoryTestApp.debug.xcconfig */ = {isa = PBXFileReference; includeInIndex = 1; lastKnownFileType = text.xcconfig; name = "Pods-andFactoryTestApp.debug.xcconfig"; path = "Target Support Files/Pods-andFactoryTestApp/Pods-andFactoryTestApp.debug.xcconfig"; sourceTree = "<group>"; };
/* End PBXFileReference section */

/* Begin PBXFrameworksBuildPhase section */
		2A97A56528B38BC800AA51D4 /* Frameworks */ = {
			isa = PBXFrameworksBuildPhase;
			buildActionMask = 2147483647;
			files = (
				9BF0B3DBFC9A19CBBC275BB6 /* Pods_andFactoryTestApp.framework in Frameworks */,
			);
			runOnlyForDeploymentPostprocessing = 0;
		};
		2A97A57B28B38BCA00AA51D4 /* Frameworks */ = {
			isa = PBXFrameworksBuildPhase;
			buildActionMask = 2147483647;
			files = (
				7A6FE4174C0BF47629CC8AAD /* Pods_andFactoryTestAppTests.framework in Frameworks */,
			);
			runOnlyForDeploymentPostprocessing = 0;
		};
		2A97A58528B38BCA00AA51D4 /* Frameworks */ = {
			isa = PBXFrameworksBuildPhase;
			buildActionMask = 2147483647;
			files = (
				02AAAFD56207485965027DBD /* Pods_andFactoryTestApp_andFactoryTestAppUITests.framework in Frameworks */,
			);
			runOnlyForDeploymentPostprocessing = 0;
		};
/* End PBXFrameworksBuildPhase section */

/* Begin PBXGroup section */
		1A986DC3BF048ECBEA5F1832 /* Pods */ = {
			isa = PBXGroup;
			children = (
				E60117A6FBBAEC75A2C5C4ED /* Pods-andFactoryTestApp.debug.xcconfig */,
				14C6670A2D60488C50274AAF /* Pods-andFactoryTestApp.release.xcconfig */,
				B580BAE8933F330C46CAD9F2 /* Pods-andFactoryTestApp-andFactoryTestAppUITests.debug.xcconfig */,
				9CED0400CF6D91FD5D4FD1A2 /* Pods-andFactoryTestApp-andFactoryTestAppUITests.release.xcconfig */,
				627D716AF71AC93346F4E685 /* Pods-andFactoryTestAppTests.debug.xcconfig */,
				85631D1C6F5224A0A7A58343 /* Pods-andFactoryTestAppTests.release.xcconfig */,
			);
			path = Pods;
			sourceTree = "<group>";
		};
		2A97A55F28B38BC800AA51D4 = {
			isa = PBXGroup;
			children = (
				2A97A56A28B38BC800AA51D4 /* andFactoryTestApp */,
				2A97A58128B38BCA00AA51D4 /* andFactoryTestAppTests */,
				2A97A58B28B38BCA00AA51D4 /* andFactoryTestAppUITests */,
				2A97A56928B38BC800AA51D4 /* Products */,
				1A986DC3BF048ECBEA5F1832 /* Pods */,
				3D44FC45AC97B7C179DFF5F1 /* Frameworks */,
			);
			sourceTree = "<group>";
		};
		2A97A56928B38BC800AA51D4 /* Products */ = {
			isa = PBXGroup;
			children = (
				2A97A56828B38BC800AA51D4 /* andFactoryTestApp.app */,
				2A97A57E28B38BCA00AA51D4 /* andFactoryTestAppTests.xctest */,
				2A97A58828B38BCA00AA51D4 /* andFactoryTestAppUITests.xctest */,
			);
			name = Products;
			sourceTree = "<group>";
		};
		2A97A56A28B38BC800AA51D4 /* andFactoryTestApp */ = {
			isa = PBXGroup;
			children = (
				2A97A56B28B38BC800AA51D4 /* AppDelegate.swift */,
				2A97A56D28B38BC800AA51D4 /* SceneDelegate.swift */,
				2A97A56F28B38BC800AA51D4 /* GithubUserListViewController.swift */,
				2A97A59D28B3A8CE00AA51D4 /* GithubUserListTableViewCell.swift */,
				2A97A59E28B3A8CE00AA51D4 /* GithubUserListTableViewCell.xib */,
				2A97A5A228B3CB5500AA51D4 /* Users.swift */,
				2A97A5A628B3CD7E00AA51D4 /* GithubAPIClient.swift */,
				2A97A5A828B3D00300AA51D4 /* GithubSearchAPIModel.swift */,
				2A97A5AA28B3D49D00AA51D4 /* GithubUserSearchViewModel.swift */,
				2A97A59B28B3A2F800AA51D4 /* Multilingual.swift */,
				2A97A5AC28B642FB00AA51D4 /* UISearchBar+Helper.swift */,
				2A97A5AE28B652BE00AA51D4 /* ErrorManager.swift */,
				2A97A5B028B6575700AA51D4 /* UIAlertHelper.swift */,
				2A97A57128B38BC800AA51D4 /* Main.storyboard */,
				2A97A57428B38BCA00AA51D4 /* Assets.xcassets */,
				2A97A57628B38BCA00AA51D4 /* LaunchScreen.storyboard */,
				2A97A57928B38BCA00AA51D4 /* Info.plist */,
			);
			path = andFactoryTestApp;
			sourceTree = "<group>";
		};
		2A97A58128B38BCA00AA51D4 /* andFactoryTestAppTests */ = {
			isa = PBXGroup;
			children = (
				2A97A58228B38BCA00AA51D4 /* AndFactoryTestAppTests.swift */,
			);
			path = andFactoryTestAppTests;
			sourceTree = "<group>";
		};
		2A97A58B28B38BCA00AA51D4 /* andFactoryTestAppUITests */ = {
			isa = PBXGroup;
			children = (
				2A97A58C28B38BCA00AA51D4 /* AndFactoryTestAppUITests.swift */,
				2A97A58E28B38BCA00AA51D4 /* AndFactoryTestAppUITestsLaunchTests.swift */,
			);
			path = andFactoryTestAppUITests;
			sourceTree = "<group>";
		};
		3D44FC45AC97B7C179DFF5F1 /* Frameworks */ = {
			isa = PBXGroup;
			children = (
				79C5E9CA631422BC143D9C54 /* Pods_andFactoryTestApp.framework */,
				BA6146FD1C603929942288AF /* Pods_andFactoryTestApp_andFactoryTestAppUITests.framework */,
				11DC06AF7438950D6AE5CCB5 /* Pods_andFactoryTestAppTests.framework */,
			);
			name = Frameworks;
			sourceTree = "<group>";
		};
/* End PBXGroup section */

/* Begin PBXNativeTarget section */
		2A97A56728B38BC800AA51D4 /* andFactoryTestApp */ = {
			isa = PBXNativeTarget;
			buildConfigurationList = 2A97A59228B38BCB00AA51D4 /* Build configuration list for PBXNativeTarget "andFactoryTestApp" */;
			buildPhases = (
				B6D153313234F415DBD2E7B7 /* [CP] Check Pods Manifest.lock */,
				2A97A56428B38BC800AA51D4 /* Sources */,
				2A97A56528B38BC800AA51D4 /* Frameworks */,
				2A97A56628B38BC800AA51D4 /* Resources */,
				2A97A5A128B3C11C00AA51D4 /* SwiftLint Script */,
				42B6796E112C14E90BBBF66A /* [CP] Embed Pods Frameworks */,
			);
			buildRules = (
			);
			dependencies = (
			);
			name = andFactoryTestApp;
			productName = andFactoryTestApp;
			productReference = 2A97A56828B38BC800AA51D4 /* andFactoryTestApp.app */;
			productType = "com.apple.product-type.application";
		};
		2A97A57D28B38BCA00AA51D4 /* andFactoryTestAppTests */ = {
			isa = PBXNativeTarget;
			buildConfigurationList = 2A97A59528B38BCB00AA51D4 /* Build configuration list for PBXNativeTarget "andFactoryTestAppTests" */;
			buildPhases = (
				7E023D712033D3E9D044085C /* [CP] Check Pods Manifest.lock */,
				2A97A57A28B38BCA00AA51D4 /* Sources */,
				2A97A57B28B38BCA00AA51D4 /* Frameworks */,
				2A97A57C28B38BCA00AA51D4 /* Resources */,
			);
			buildRules = (
			);
			dependencies = (
				2A97A58028B38BCA00AA51D4 /* PBXTargetDependency */,
			);
			name = andFactoryTestAppTests;
			productName = andFactoryTestAppTests;
			productReference = 2A97A57E28B38BCA00AA51D4 /* andFactoryTestAppTests.xctest */;
			productType = "com.apple.product-type.bundle.unit-test";
		};
		2A97A58728B38BCA00AA51D4 /* andFactoryTestAppUITests */ = {
			isa = PBXNativeTarget;
			buildConfigurationList = 2A97A59828B38BCB00AA51D4 /* Build configuration list for PBXNativeTarget "andFactoryTestAppUITests" */;
			buildPhases = (
				90EA7515BAF589F9039BF4A3 /* [CP] Check Pods Manifest.lock */,
				2A97A58428B38BCA00AA51D4 /* Sources */,
				2A97A58528B38BCA00AA51D4 /* Frameworks */,
				2A97A58628B38BCA00AA51D4 /* Resources */,
				D81A414B297EA497EC6057FB /* [CP] Embed Pods Frameworks */,
			);
			buildRules = (
			);
			dependencies = (
				2A97A58A28B38BCA00AA51D4 /* PBXTargetDependency */,
			);
			name = andFactoryTestAppUITests;
			productName = andFactoryTestAppUITests;
			productReference = 2A97A58828B38BCA00AA51D4 /* andFactoryTestAppUITests.xctest */;
			productType = "com.apple.product-type.bundle.ui-testing";
		};
/* End PBXNativeTarget section */

/* Begin PBXProject section */
		2A97A56028B38BC800AA51D4 /* Project object */ = {
			isa = PBXProject;
			attributes = {
				BuildIndependentTargetsInParallel = 1;
				LastSwiftUpdateCheck = 1340;
				LastUpgradeCheck = 1340;
				TargetAttributes = {
					2A97A56728B38BC800AA51D4 = {
						CreatedOnToolsVersion = 13.4.1;
					};
					2A97A57D28B38BCA00AA51D4 = {
						CreatedOnToolsVersion = 13.4.1;
						TestTargetID = 2A97A56728B38BC800AA51D4;
					};
					2A97A58728B38BCA00AA51D4 = {
						CreatedOnToolsVersion = 13.4.1;
						TestTargetID = 2A97A56728B38BC800AA51D4;
					};
				};
			};
			buildConfigurationList = 2A97A56328B38BC800AA51D4 /* Build configuration list for PBXProject "andFactoryTestApp" */;
			compatibilityVersion = "Xcode 13.0";
			developmentRegion = en;
			hasScannedForEncodings = 0;
			knownRegions = (
				en,
				Base,
			);
			mainGroup = 2A97A55F28B38BC800AA51D4;
			productRefGroup = 2A97A56928B38BC800AA51D4 /* Products */;
			projectDirPath = "";
			projectRoot = "";
			targets = (
				2A97A56728B38BC800AA51D4 /* andFactoryTestApp */,
				2A97A57D28B38BCA00AA51D4 /* andFactoryTestAppTests */,
				2A97A58728B38BCA00AA51D4 /* andFactoryTestAppUITests */,
			);
		};
/* End PBXProject section */

/* Begin PBXResourcesBuildPhase section */
		2A97A56628B38BC800AA51D4 /* Resources */ = {
			isa = PBXResourcesBuildPhase;
			buildActionMask = 2147483647;
			files = (
				2A97A57828B38BCA00AA51D4 /* LaunchScreen.storyboard in Resources */,
				2A97A5A028B3A8CE00AA51D4 /* GithubUserListTableViewCell.xib in Resources */,
				2A97A57528B38BCA00AA51D4 /* Assets.xcassets in Resources */,
				2A97A57328B38BC800AA51D4 /* Main.storyboard in Resources */,
			);
			runOnlyForDeploymentPostprocessing = 0;
		};
		2A97A57C28B38BCA00AA51D4 /* Resources */ = {
			isa = PBXResourcesBuildPhase;
			buildActionMask = 2147483647;
			files = (
			);
			runOnlyForDeploymentPostprocessing = 0;
		};
		2A97A58628B38BCA00AA51D4 /* Resources */ = {
			isa = PBXResourcesBuildPhase;
			buildActionMask = 2147483647;
			files = (
			);
			runOnlyForDeploymentPostprocessing = 0;
		};
/* End PBXResourcesBuildPhase section */

/* Begin PBXShellScriptBuildPhase section */
		2A97A5A128B3C11C00AA51D4 /* SwiftLint Script */ = {
			isa = PBXShellScriptBuildPhase;
			buildActionMask = 2147483647;
			files = (
			);
			inputFileListPaths = (
			);
			inputPaths = (
			);
			name = "SwiftLint Script";
			outputFileListPaths = (
			);
			outputPaths = (
			);
			runOnlyForDeploymentPostprocessing = 0;
			shellPath = /bin/sh;
			shellScript = "if which \"${PODS_ROOT}/SwiftLint/swiftlint\" >/dev/null; then\n${PODS_ROOT}/SwiftLint/swiftlint\nelse\necho \"warning: SwiftLint not installed, download from https://github.com/realm/SwiftLint\"\nfi\n";
		};
		42B6796E112C14E90BBBF66A /* [CP] Embed Pods Frameworks */ = {
			isa = PBXShellScriptBuildPhase;
			buildActionMask = 2147483647;
			files = (
			);
			inputFileListPaths = (
				"${PODS_ROOT}/Target Support Files/Pods-andFactoryTestApp/Pods-andFactoryTestApp-frameworks-${CONFIGURATION}-input-files.xcfilelist",
			);
			name = "[CP] Embed Pods Frameworks";
			outputFileListPaths = (
				"${PODS_ROOT}/Target Support Files/Pods-andFactoryTestApp/Pods-andFactoryTestApp-frameworks-${CONFIGURATION}-output-files.xcfilelist",
			);
			runOnlyForDeploymentPostprocessing = 0;
			shellPath = /bin/sh;
			shellScript = "\"${PODS_ROOT}/Target Support Files/Pods-andFactoryTestApp/Pods-andFactoryTestApp-frameworks.sh\"\n";
			showEnvVarsInLog = 0;
		};
		7E023D712033D3E9D044085C /* [CP] Check Pods Manifest.lock */ = {
			isa = PBXShellScriptBuildPhase;
			buildActionMask = 2147483647;
			files = (
			);
			inputFileListPaths = (
			);
			inputPaths = (
				"${PODS_PODFILE_DIR_PATH}/Podfile.lock",
				"${PODS_ROOT}/Manifest.lock",
			);
			name = "[CP] Check Pods Manifest.lock";
			outputFileListPaths = (
			);
			outputPaths = (
				"$(DERIVED_FILE_DIR)/Pods-andFactoryTestAppTests-checkManifestLockResult.txt",
			);
			runOnlyForDeploymentPostprocessing = 0;
			shellPath = /bin/sh;
			shellScript = "diff \"${PODS_PODFILE_DIR_PATH}/Podfile.lock\" \"${PODS_ROOT}/Manifest.lock\" > /dev/null\nif [ $? != 0 ] ; then\n    # print error to STDERR\n    echo \"error: The sandbox is not in sync with the Podfile.lock. Run 'pod install' or update your CocoaPods installation.\" >&2\n    exit 1\nfi\n# This output is used by Xcode 'outputs' to avoid re-running this script phase.\necho \"SUCCESS\" > \"${SCRIPT_OUTPUT_FILE_0}\"\n";
			showEnvVarsInLog = 0;
		};
		90EA7515BAF589F9039BF4A3 /* [CP] Check Pods Manifest.lock */ = {
			isa = PBXShellScriptBuildPhase;
			buildActionMask = 2147483647;
			files = (
			);
			inputFileListPaths = (
			);
			inputPaths = (
				"${PODS_PODFILE_DIR_PATH}/Podfile.lock",
				"${PODS_ROOT}/Manifest.lock",
			);
			name = "[CP] Check Pods Manifest.lock";
			outputFileListPaths = (
			);
			outputPaths = (
				"$(DERIVED_FILE_DIR)/Pods-andFactoryTestApp-andFactoryTestAppUITests-checkManifestLockResult.txt",
			);
			runOnlyForDeploymentPostprocessing = 0;
			shellPath = /bin/sh;
			shellScript = "diff \"${PODS_PODFILE_DIR_PATH}/Podfile.lock\" \"${PODS_ROOT}/Manifest.lock\" > /dev/null\nif [ $? != 0 ] ; then\n    # print error to STDERR\n    echo \"error: The sandbox is not in sync with the Podfile.lock. Run 'pod install' or update your CocoaPods installation.\" >&2\n    exit 1\nfi\n# This output is used by Xcode 'outputs' to avoid re-running this script phase.\necho \"SUCCESS\" > \"${SCRIPT_OUTPUT_FILE_0}\"\n";
			showEnvVarsInLog = 0;
		};
		B6D153313234F415DBD2E7B7 /* [CP] Check Pods Manifest.lock */ = {
			isa = PBXShellScriptBuildPhase;
			buildActionMask = 2147483647;
			files = (
			);
			inputFileListPaths = (
			);
			inputPaths = (
				"${PODS_PODFILE_DIR_PATH}/Podfile.lock",
				"${PODS_ROOT}/Manifest.lock",
			);
			name = "[CP] Check Pods Manifest.lock";
			outputFileListPaths = (
			);
			outputPaths = (
				"$(DERIVED_FILE_DIR)/Pods-andFactoryTestApp-checkManifestLockResult.txt",
			);
			runOnlyForDeploymentPostprocessing = 0;
			shellPath = /bin/sh;
			shellScript = "diff \"${PODS_PODFILE_DIR_PATH}/Podfile.lock\" \"${PODS_ROOT}/Manifest.lock\" > /dev/null\nif [ $? != 0 ] ; then\n    # print error to STDERR\n    echo \"error: The sandbox is not in sync with the Podfile.lock. Run 'pod install' or update your CocoaPods installation.\" >&2\n    exit 1\nfi\n# This output is used by Xcode 'outputs' to avoid re-running this script phase.\necho \"SUCCESS\" > \"${SCRIPT_OUTPUT_FILE_0}\"\n";
			showEnvVarsInLog = 0;
		};
		D81A414B297EA497EC6057FB /* [CP] Embed Pods Frameworks */ = {
			isa = PBXShellScriptBuildPhase;
			buildActionMask = 2147483647;
			files = (
			);
			inputFileListPaths = (
				"${PODS_ROOT}/Target Support Files/Pods-andFactoryTestApp-andFactoryTestAppUITests/Pods-andFactoryTestApp-andFactoryTestAppUITests-frameworks-${CONFIGURATION}-input-files.xcfilelist",
			);
			name = "[CP] Embed Pods Frameworks";
			outputFileListPaths = (
				"${PODS_ROOT}/Target Support Files/Pods-andFactoryTestApp-andFactoryTestAppUITests/Pods-andFactoryTestApp-andFactoryTestAppUITests-frameworks-${CONFIGURATION}-output-files.xcfilelist",
			);
			runOnlyForDeploymentPostprocessing = 0;
			shellPath = /bin/sh;
			shellScript = "\"${PODS_ROOT}/Target Support Files/Pods-andFactoryTestApp-andFactoryTestAppUITests/Pods-andFactoryTestApp-andFactoryTestAppUITests-frameworks.sh\"\n";
			showEnvVarsInLog = 0;
		};
/* End PBXShellScriptBuildPhase section */

/* Begin PBXSourcesBuildPhase section */
		2A97A56428B38BC800AA51D4 /* Sources */ = {
			isa = PBXSourcesBuildPhase;
			buildActionMask = 2147483647;
			files = (
				2A97A59C28B3A2F800AA51D4 /* Multilingual.swift in Sources */,
				2A97A5A928B3D00300AA51D4 /* GithubSearchAPIModel.swift in Sources */,
				2A97A5A728B3CD7E00AA51D4 /* GithubAPIClient.swift in Sources */,
				2A97A5AF28B652BF00AA51D4 /* ErrorManager.swift in Sources */,
				2A97A57028B38BC800AA51D4 /* GithubUserListViewController.swift in Sources */,
				2A97A5AD28B642FD00AA51D4 /* UISearchBar+Helper.swift in Sources */,
				2A97A5A328B3CB5500AA51D4 /* Users.swift in Sources */,
				2A97A56C28B38BC800AA51D4 /* AppDelegate.swift in Sources */,
				2A97A5B128B6575700AA51D4 /* UIAlertHelper.swift in Sources */,
				2A97A5AB28B3D49D00AA51D4 /* GithubUserSearchViewModel.swift in Sources */,
				2A97A59F28B3A8CE00AA51D4 /* GithubUserListTableViewCell.swift in Sources */,
				2A97A56E28B38BC800AA51D4 /* SceneDelegate.swift in Sources */,
			);
			runOnlyForDeploymentPostprocessing = 0;
		};
		2A97A57A28B38BCA00AA51D4 /* Sources */ = {
			isa = PBXSourcesBuildPhase;
			buildActionMask = 2147483647;
			files = (
				2A97A58328B38BCA00AA51D4 /* AndFactoryTestAppTests.swift in Sources */,
			);
			runOnlyForDeploymentPostprocessing = 0;
		};
		2A97A58428B38BCA00AA51D4 /* Sources */ = {
			isa = PBXSourcesBuildPhase;
			buildActionMask = 2147483647;
			files = (
				2A97A58D28B38BCA00AA51D4 /* AndFactoryTestAppUITests.swift in Sources */,
				2A97A58F28B38BCA00AA51D4 /* AndFactoryTestAppUITestsLaunchTests.swift in Sources */,
			);
			runOnlyForDeploymentPostprocessing = 0;
		};
/* End PBXSourcesBuildPhase section */

/* Begin PBXTargetDependency section */
		2A97A58028B38BCA00AA51D4 /* PBXTargetDependency */ = {
			isa = PBXTargetDependency;
			target = 2A97A56728B38BC800AA51D4 /* andFactoryTestApp */;
			targetProxy = 2A97A57F28B38BCA00AA51D4 /* PBXContainerItemProxy */;
		};
		2A97A58A28B38BCA00AA51D4 /* PBXTargetDependency */ = {
			isa = PBXTargetDependency;
			target = 2A97A56728B38BC800AA51D4 /* andFactoryTestApp */;
			targetProxy = 2A97A58928B38BCA00AA51D4 /* PBXContainerItemProxy */;
		};
/* End PBXTargetDependency section */

/* Begin PBXVariantGroup section */
		2A97A57128B38BC800AA51D4 /* Main.storyboard */ = {
			isa = PBXVariantGroup;
			children = (
				2A97A57228B38BC800AA51D4 /* Base */,
			);
			name = Main.storyboard;
			sourceTree = "<group>";
		};
		2A97A57628B38BCA00AA51D4 /* LaunchScreen.storyboard */ = {
			isa = PBXVariantGroup;
			children = (
				2A97A57728B38BCA00AA51D4 /* Base */,
			);
			name = LaunchScreen.storyboard;
			sourceTree = "<group>";
		};
/* End PBXVariantGroup section */

/* Begin XCBuildConfiguration section */
		2A97A59028B38BCA00AA51D4 /* Debug */ = {
			isa = XCBuildConfiguration;
			buildSettings = {
				ALWAYS_SEARCH_USER_PATHS = NO;
				CLANG_ANALYZER_NONNULL = YES;
				CLANG_ANALYZER_NUMBER_OBJECT_CONVERSION = YES_AGGRESSIVE;
				CLANG_CXX_LANGUAGE_STANDARD = "gnu++17";
				CLANG_ENABLE_MODULES = YES;
				CLANG_ENABLE_OBJC_ARC = YES;
				CLANG_ENABLE_OBJC_WEAK = YES;
				CLANG_WARN_BLOCK_CAPTURE_AUTORELEASING = YES;
				CLANG_WARN_BOOL_CONVERSION = YES;
				CLANG_WARN_COMMA = YES;
				CLANG_WARN_CONSTANT_CONVERSION = YES;
				CLANG_WARN_DEPRECATED_OBJC_IMPLEMENTATIONS = YES;
				CLANG_WARN_DIRECT_OBJC_ISA_USAGE = YES_ERROR;
				CLANG_WARN_DOCUMENTATION_COMMENTS = YES;
				CLANG_WARN_EMPTY_BODY = YES;
				CLANG_WARN_ENUM_CONVERSION = YES;
				CLANG_WARN_INFINITE_RECURSION = YES;
				CLANG_WARN_INT_CONVERSION = YES;
				CLANG_WARN_NON_LITERAL_NULL_CONVERSION = YES;
				CLANG_WARN_OBJC_IMPLICIT_RETAIN_SELF = YES;
				CLANG_WARN_OBJC_LITERAL_CONVERSION = YES;
				CLANG_WARN_OBJC_ROOT_CLASS = YES_ERROR;
				CLANG_WARN_QUOTED_INCLUDE_IN_FRAMEWORK_HEADER = YES;
				CLANG_WARN_RANGE_LOOP_ANALYSIS = YES;
				CLANG_WARN_STRICT_PROTOTYPES = YES;
				CLANG_WARN_SUSPICIOUS_MOVE = YES;
				CLANG_WARN_UNGUARDED_AVAILABILITY = YES_AGGRESSIVE;
				CLANG_WARN_UNREACHABLE_CODE = YES;
				CLANG_WARN__DUPLICATE_METHOD_MATCH = YES;
				COPY_PHASE_STRIP = NO;
				DEBUG_INFORMATION_FORMAT = dwarf;
				ENABLE_STRICT_OBJC_MSGSEND = YES;
				ENABLE_TESTABILITY = YES;
				GCC_C_LANGUAGE_STANDARD = gnu11;
				GCC_DYNAMIC_NO_PIC = NO;
				GCC_NO_COMMON_BLOCKS = YES;
				GCC_OPTIMIZATION_LEVEL = 0;
				GCC_PREPROCESSOR_DEFINITIONS = (
					"DEBUG=1",
					"$(inherited)",
				);
				GCC_WARN_64_TO_32_BIT_CONVERSION = YES;
				GCC_WARN_ABOUT_RETURN_TYPE = YES_ERROR;
				GCC_WARN_UNDECLARED_SELECTOR = YES;
				GCC_WARN_UNINITIALIZED_AUTOS = YES_AGGRESSIVE;
				GCC_WARN_UNUSED_FUNCTION = YES;
				GCC_WARN_UNUSED_VARIABLE = YES;
				IPHONEOS_DEPLOYMENT_TARGET = 15.0;
				MTL_ENABLE_DEBUG_INFO = INCLUDE_SOURCE;
				MTL_FAST_MATH = YES;
				ONLY_ACTIVE_ARCH = YES;
				SDKROOT = iphoneos;
				SWIFT_ACTIVE_COMPILATION_CONDITIONS = DEBUG;
				SWIFT_OPTIMIZATION_LEVEL = "-Onone";
			};
			name = Debug;
		};
		2A97A59128B38BCA00AA51D4 /* Release */ = {
			isa = XCBuildConfiguration;
			buildSettings = {
				ALWAYS_SEARCH_USER_PATHS = NO;
				CLANG_ANALYZER_NONNULL = YES;
				CLANG_ANALYZER_NUMBER_OBJECT_CONVERSION = YES_AGGRESSIVE;
				CLANG_CXX_LANGUAGE_STANDARD = "gnu++17";
				CLANG_ENABLE_MODULES = YES;
				CLANG_ENABLE_OBJC_ARC = YES;
				CLANG_ENABLE_OBJC_WEAK = YES;
				CLANG_WARN_BLOCK_CAPTURE_AUTORELEASING = YES;
				CLANG_WARN_BOOL_CONVERSION = YES;
				CLANG_WARN_COMMA = YES;
				CLANG_WARN_CONSTANT_CONVERSION = YES;
				CLANG_WARN_DEPRECATED_OBJC_IMPLEMENTATIONS = YES;
				CLANG_WARN_DIRECT_OBJC_ISA_USAGE = YES_ERROR;
				CLANG_WARN_DOCUMENTATION_COMMENTS = YES;
				CLANG_WARN_EMPTY_BODY = YES;
				CLANG_WARN_ENUM_CONVERSION = YES;
				CLANG_WARN_INFINITE_RECURSION = YES;
				CLANG_WARN_INT_CONVERSION = YES;
				CLANG_WARN_NON_LITERAL_NULL_CONVERSION = YES;
				CLANG_WARN_OBJC_IMPLICIT_RETAIN_SELF = YES;
				CLANG_WARN_OBJC_LITERAL_CONVERSION = YES;
				CLANG_WARN_OBJC_ROOT_CLASS = YES_ERROR;
				CLANG_WARN_QUOTED_INCLUDE_IN_FRAMEWORK_HEADER = YES;
				CLANG_WARN_RANGE_LOOP_ANALYSIS = YES;
				CLANG_WARN_STRICT_PROTOTYPES = YES;
				CLANG_WARN_SUSPICIOUS_MOVE = YES;
				CLANG_WARN_UNGUARDED_AVAILABILITY = YES_AGGRESSIVE;
				CLANG_WARN_UNREACHABLE_CODE = YES;
				CLANG_WARN__DUPLICATE_METHOD_MATCH = YES;
				COPY_PHASE_STRIP = NO;
				DEBUG_INFORMATION_FORMAT = "dwarf-with-dsym";
				ENABLE_NS_ASSERTIONS = NO;
				ENABLE_STRICT_OBJC_MSGSEND = YES;
				GCC_C_LANGUAGE_STANDARD = gnu11;
				GCC_NO_COMMON_BLOCKS = YES;
				GCC_WARN_64_TO_32_BIT_CONVERSION = YES;
				GCC_WARN_ABOUT_RETURN_TYPE = YES_ERROR;
				GCC_WARN_UNDECLARED_SELECTOR = YES;
				GCC_WARN_UNINITIALIZED_AUTOS = YES_AGGRESSIVE;
				GCC_WARN_UNUSED_FUNCTION = YES;
				GCC_WARN_UNUSED_VARIABLE = YES;
				IPHONEOS_DEPLOYMENT_TARGET = 15.0;
				MTL_ENABLE_DEBUG_INFO = NO;
				MTL_FAST_MATH = YES;
				SDKROOT = iphoneos;
				SWIFT_COMPILATION_MODE = wholemodule;
				SWIFT_OPTIMIZATION_LEVEL = "-O";
				VALIDATE_PRODUCT = YES;
			};
			name = Release;
		};
		2A97A59328B38BCB00AA51D4 /* Debug */ = {
			isa = XCBuildConfiguration;
			baseConfigurationReference = E60117A6FBBAEC75A2C5C4ED /* Pods-andFactoryTestApp.debug.xcconfig */;
			buildSettings = {
				ASSETCATALOG_COMPILER_APPICON_NAME = AppIcon;
				ASSETCATALOG_COMPILER_GLOBAL_ACCENT_COLOR_NAME = AccentColor;
				CODE_SIGN_STYLE = Automatic;
				CURRENT_PROJECT_VERSION = 1;
				DEVELOPMENT_TEAM = NM58RL3P2Y;
				GENERATE_INFOPLIST_FILE = YES;
				INFOPLIST_FILE = andFactoryTestApp/Info.plist;
				INFOPLIST_KEY_CFBundleDisplayName = andFactoryTestApp;
				INFOPLIST_KEY_UIApplicationSupportsIndirectInputEvents = YES;
				INFOPLIST_KEY_UILaunchStoryboardName = LaunchScreen;
				INFOPLIST_KEY_UIMainStoryboardFile = Main;
				INFOPLIST_KEY_UISupportedInterfaceOrientations_iPad = "UIInterfaceOrientationPortrait UIInterfaceOrientationPortraitUpsideDown UIInterfaceOrientationLandscapeLeft UIInterfaceOrientationLandscapeRight";
				INFOPLIST_KEY_UISupportedInterfaceOrientations_iPhone = "UIInterfaceOrientationPortrait UIInterfaceOrientationLandscapeLeft UIInterfaceOrientationLandscapeRight";
				LD_RUNPATH_SEARCH_PATHS = (
					"$(inherited)",
					"@executable_path/Frameworks",
				);
				MARKETING_VERSION = 1.0;
				PRODUCT_BUNDLE_IDENTIFIER = com.gmail.yuu99.331.andFactoryTestApp;
				PRODUCT_NAME = "$(TARGET_NAME)";
				SWIFT_EMIT_LOC_STRINGS = YES;
				SWIFT_VERSION = 5.0;
				TARGETED_DEVICE_FAMILY = 1;
			};
			name = Debug;
		};
		2A97A59428B38BCB00AA51D4 /* Release */ = {
			isa = XCBuildConfiguration;
			baseConfigurationReference = 14C6670A2D60488C50274AAF /* Pods-andFactoryTestApp.release.xcconfig */;
			buildSettings = {
				ASSETCATALOG_COMPILER_APPICON_NAME = AppIcon;
				ASSETCATALOG_COMPILER_GLOBAL_ACCENT_COLOR_NAME = AccentColor;
				CODE_SIGN_STYLE = Automatic;
				CURRENT_PROJECT_VERSION = 1;
				DEVELOPMENT_TEAM = NM58RL3P2Y;
				GENERATE_INFOPLIST_FILE = YES;
				INFOPLIST_FILE = andFactoryTestApp/Info.plist;
				INFOPLIST_KEY_CFBundleDisplayName = andFactoryTestApp;
				INFOPLIST_KEY_UIApplicationSupportsIndirectInputEvents = YES;
				INFOPLIST_KEY_UILaunchStoryboardName = LaunchScreen;
				INFOPLIST_KEY_UIMainStoryboardFile = Main;
				INFOPLIST_KEY_UISupportedInterfaceOrientations_iPad = "UIInterfaceOrientationPortrait UIInterfaceOrientationPortraitUpsideDown UIInterfaceOrientationLandscapeLeft UIInterfaceOrientationLandscapeRight";
				INFOPLIST_KEY_UISupportedInterfaceOrientations_iPhone = "UIInterfaceOrientationPortrait UIInterfaceOrientationLandscapeLeft UIInterfaceOrientationLandscapeRight";
				LD_RUNPATH_SEARCH_PATHS = (
					"$(inherited)",
					"@executable_path/Frameworks",
				);
				MARKETING_VERSION = 1.0;
				PRODUCT_BUNDLE_IDENTIFIER = com.gmail.yuu99.331.andFactoryTestApp;
				PRODUCT_NAME = "$(TARGET_NAME)";
				SWIFT_EMIT_LOC_STRINGS = YES;
				SWIFT_VERSION = 5.0;
				TARGETED_DEVICE_FAMILY = 1;
			};
			name = Release;
		};
		2A97A59628B38BCB00AA51D4 /* Debug */ = {
			isa = XCBuildConfiguration;
			baseConfigurationReference = 627D716AF71AC93346F4E685 /* Pods-andFactoryTestAppTests.debug.xcconfig */;
			buildSettings = {
				ALWAYS_EMBED_SWIFT_STANDARD_LIBRARIES = YES;
				BUNDLE_LOADER = "$(TEST_HOST)";
				CODE_SIGN_STYLE = Automatic;
				CURRENT_PROJECT_VERSION = 1;
				DEVELOPMENT_TEAM = NM58RL3P2Y;
				GENERATE_INFOPLIST_FILE = YES;
				IPHONEOS_DEPLOYMENT_TARGET = 15.0;
				MARKETING_VERSION = 1.0;
				PRODUCT_BUNDLE_IDENTIFIER = com.gmail.yuu99.331.andFactoryTestAppTests;
				PRODUCT_NAME = "$(TARGET_NAME)";
				SWIFT_EMIT_LOC_STRINGS = NO;
				SWIFT_VERSION = 5.0;
				TARGETED_DEVICE_FAMILY = "1,2";
				TEST_HOST = "$(BUILT_PRODUCTS_DIR)/andFactoryTestApp.app/andFactoryTestApp";
			};
			name = Debug;
		};
		2A97A59728B38BCB00AA51D4 /* Release */ = {
			isa = XCBuildConfiguration;
			baseConfigurationReference = 85631D1C6F5224A0A7A58343 /* Pods-andFactoryTestAppTests.release.xcconfig */;
			buildSettings = {
				ALWAYS_EMBED_SWIFT_STANDARD_LIBRARIES = YES;
				BUNDLE_LOADER = "$(TEST_HOST)";
				CODE_SIGN_STYLE = Automatic;
				CURRENT_PROJECT_VERSION = 1;
				DEVELOPMENT_TEAM = NM58RL3P2Y;
				GENERATE_INFOPLIST_FILE = YES;
				IPHONEOS_DEPLOYMENT_TARGET = 15.0;
				MARKETING_VERSION = 1.0;
				PRODUCT_BUNDLE_IDENTIFIER = com.gmail.yuu99.331.andFactoryTestAppTests;
				PRODUCT_NAME = "$(TARGET_NAME)";
				SWIFT_EMIT_LOC_STRINGS = NO;
				SWIFT_VERSION = 5.0;
				TARGETED_DEVICE_FAMILY = "1,2";
				TEST_HOST = "$(BUILT_PRODUCTS_DIR)/andFactoryTestApp.app/andFactoryTestApp";
			};
			name = Release;
		};
		2A97A59928B38BCB00AA51D4 /* Debug */ = {
			isa = XCBuildConfiguration;
			baseConfigurationReference = B580BAE8933F330C46CAD9F2 /* Pods-andFactoryTestApp-andFactoryTestAppUITests.debug.xcconfig */;
			buildSettings = {
				ALWAYS_EMBED_SWIFT_STANDARD_LIBRARIES = YES;
				CODE_SIGN_STYLE = Automatic;
				CURRENT_PROJECT_VERSION = 1;
				DEVELOPMENT_TEAM = NM58RL3P2Y;
				GENERATE_INFOPLIST_FILE = YES;
				MARKETING_VERSION = 1.0;
				PRODUCT_BUNDLE_IDENTIFIER = com.gmail.yuu99.331.andFactoryTestAppUITests;
				PRODUCT_NAME = "$(TARGET_NAME)";
				SWIFT_EMIT_LOC_STRINGS = NO;
				SWIFT_VERSION = 5.0;
				TARGETED_DEVICE_FAMILY = "1,2";
				TEST_TARGET_NAME = andFactoryTestApp;
			};
			name = Debug;
		};
		2A97A59A28B38BCB00AA51D4 /* Release */ = {
			isa = XCBuildConfiguration;
			baseConfigurationReference = 9CED0400CF6D91FD5D4FD1A2 /* Pods-andFactoryTestApp-andFactoryTestAppUITests.release.xcconfig */;
			buildSettings = {
				ALWAYS_EMBED_SWIFT_STANDARD_LIBRARIES = YES;
				CODE_SIGN_STYLE = Automatic;
				CURRENT_PROJECT_VERSION = 1;
				DEVELOPMENT_TEAM = NM58RL3P2Y;
				GENERATE_INFOPLIST_FILE = YES;
				MARKETING_VERSION = 1.0;
				PRODUCT_BUNDLE_IDENTIFIER = com.gmail.yuu99.331.andFactoryTestAppUITests;
				PRODUCT_NAME = "$(TARGET_NAME)";
				SWIFT_EMIT_LOC_STRINGS = NO;
				SWIFT_VERSION = 5.0;
				TARGETED_DEVICE_FAMILY = "1,2";
				TEST_TARGET_NAME = andFactoryTestApp;
			};
			name = Release;
		};
/* End XCBuildConfiguration section */

/* Begin XCConfigurationList section */
		2A97A56328B38BC800AA51D4 /* Build configuration list for PBXProject "andFactoryTestApp" */ = {
			isa = XCConfigurationList;
			buildConfigurations = (
				2A97A59028B38BCA00AA51D4 /* Debug */,
				2A97A59128B38BCA00AA51D4 /* Release */,
			);
			defaultConfigurationIsVisible = 0;
			defaultConfigurationName = Release;
		};
		2A97A59228B38BCB00AA51D4 /* Build configuration list for PBXNativeTarget "andFactoryTestApp" */ = {
			isa = XCConfigurationList;
			buildConfigurations = (
				2A97A59328B38BCB00AA51D4 /* Debug */,
				2A97A59428B38BCB00AA51D4 /* Release */,
			);
			defaultConfigurationIsVisible = 0;
			defaultConfigurationName = Release;
		};
		2A97A59528B38BCB00AA51D4 /* Build configuration list for PBXNativeTarget "andFactoryTestAppTests" */ = {
			isa = XCConfigurationList;
			buildConfigurations = (
				2A97A59628B38BCB00AA51D4 /* Debug */,
				2A97A59728B38BCB00AA51D4 /* Release */,
			);
			defaultConfigurationIsVisible = 0;
			defaultConfigurationName = Release;
		};
		2A97A59828B38BCB00AA51D4 /* Build configuration list for PBXNativeTarget "andFactoryTestAppUITests" */ = {
			isa = XCConfigurationList;
			buildConfigurations = (
				2A97A59928B38BCB00AA51D4 /* Debug */,
				2A97A59A28B38BCB00AA51D4 /* Release */,
			);
			defaultConfigurationIsVisible = 0;
			defaultConfigurationName = Release;
		};
/* End XCConfigurationList section */
	};
	rootObject = 2A97A56028B38BC800AA51D4 /* Project object */;
}
