// !$*UTF8*$!
{
	archiveVersion = 1;
	classes = {
	};
	objectVersion = 55;
	objects = {

/* Begin PBXBuildFile section */
		2A97A56C28B38BC800AA51D4 /* AppDelegate.swift in Sources */ = {isa = PBXBuildFile; fileRef = 2A97A56B28B38BC800AA51D4 /* AppDelegate.swift */; };
		2A97A56E28B38BC800AA51D4 /* SceneDelegate.swift in Sources */ = {isa = PBXBuildFile; fileRef = 2A97A56D28B38BC800AA51D4 /* SceneDelegate.swift */; };
		2A97A57028B38BC800AA51D4 /* GithubUserListViewController.swift in Sources */ = {isa = PBXBuildFile; fileRef = 2A97A56F28B38BC800AA51D4 /* GithubUserListViewController.swift */; };
		2A97A57328B38BC800AA51D4 /* Main.storyboard in Resources */ = {isa = PBXBuildFile; fileRef = 2A97A57128B38BC800AA51D4 /* Main.storyboard */; };
		2A97A57528B38BCA00AA51D4 /* Assets.xcassets in Resources */ = {isa = PBXBuildFile; fileRef = 2A97A57428B38BCA00AA51D4 /* Assets.xcassets */; };
		2A97A57828B38BCA00AA51D4 /* LaunchScreen.storyboard in Resources */ = {isa = PBXBuildFile; fileRef = 2A97A57628B38BCA00AA51D4 /* LaunchScreen.storyboard */; };
		2A97A58328B38BCA00AA51D4 /* andFactoryTestAppTests.swift in Sources */ = {isa = PBXBuildFile; fileRef = 2A97A58228B38BCA00AA51D4 /* andFactoryTestAppTests.swift */; };
		2A97A58D28B38BCA00AA51D4 /* andFactoryTestAppUITests.swift in Sources */ = {isa = PBXBuildFile; fileRef = 2A97A58C28B38BCA00AA51D4 /* andFactoryTestAppUITests.swift */; };
		2A97A58F28B38BCA00AA51D4 /* andFactoryTestAppUITestsLaunchTests.swift in Sources */ = {isa = PBXBuildFile; fileRef = 2A97A58E28B38BCA00AA51D4 /* andFactoryTestAppUITestsLaunchTests.swift */; };
		2A97A59C28B3A2F800AA51D4 /* Multilingual.swift in Sources */ = {isa = PBXBuildFile; fileRef = 2A97A59B28B3A2F800AA51D4 /* Multilingual.swift */; };
/* End PBXBuildFile section */

/* Begin PBXContainerItemProxy section */
		2A97A57F28B38BCA00AA51D4 /* PBXContainerItemProxy */ = {
			isa = PBXContainerItemProxy;
			containerPortal = 2A97A56028B38BC800AA51D4 /* Project object */;
			proxyType = 1;
			remoteGlobalIDString = 2A97A56728B38BC800AA51D4;
			remoteInfo = andFactoryTestApp;
		};
		2A97A58928B38BCA00AA51D4 /* PBXContainerItemProxy */ = {
			isa = PBXContainerItemProxy;
			containerPortal = 2A97A56028B38BC800AA51D4 /* Project object */;
			proxyType = 1;
			remoteGlobalIDString = 2A97A56728B38BC800AA51D4;
			remoteInfo = andFactoryTestApp;
		};
/* End PBXContainerItemProxy section */

/* Begin PBXFileReference section */
		2A97A56828B38BC800AA51D4 /* andFactoryTestApp.app */ = {isa = PBXFileReference; explicitFileType = wrapper.application; includeInIndex = 0; path = andFactoryTestApp.app; sourceTree = BUILT_PRODUCTS_DIR; };
		2A97A56B28B38BC800AA51D4 /* AppDelegate.swift */ = {isa = PBXFileReference; lastKnownFileType = sourcecode.swift; path = AppDelegate.swift; sourceTree = "<group>"; };
		2A97A56D28B38BC800AA51D4 /* SceneDelegate.swift */ = {isa = PBXFileReference; lastKnownFileType = sourcecode.swift; path = SceneDelegate.swift; sourceTree = "<group>"; };
		2A97A56F28B38BC800AA51D4 /* GithubUserListViewController.swift */ = {isa = PBXFileReference; lastKnownFileType = sourcecode.swift; path = GithubUserListViewController.swift; sourceTree = "<group>"; };
		2A97A57228B38BC800AA51D4 /* Base */ = {isa = PBXFileReference; lastKnownFileType = file.storyboard; name = Base; path = Base.lproj/Main.storyboard; sourceTree = "<group>"; };
		2A97A57428B38BCA00AA51D4 /* Assets.xcassets */ = {isa = PBXFileReference; lastKnownFileType = folder.assetcatalog; path = Assets.xcassets; sourceTree = "<group>"; };
		2A97A57728B38BCA00AA51D4 /* Base */ = {isa = PBXFileReference; lastKnownFileType = file.storyboard; name = Base; path = Base.lproj/LaunchScreen.storyboard; sourceTree = "<group>"; };
		2A97A57928B38BCA00AA51D4 /* Info.plist */ = {isa = PBXFileReference; lastKnownFileType = text.plist.xml; path = Info.plist; sourceTree = "<group>"; };
		2A97A57E28B38BCA00AA51D4 /* andFactoryTestAppTests.xctest */ = {isa = PBXFileReference; explicitFileType = wrapper.cfbundle; includeInIndex = 0; path = andFactoryTestAppTests.xctest; sourceTree = BUILT_PRODUCTS_DIR; };
		2A97A58228B38BCA00AA51D4 /* andFactoryTestAppTests.swift */ = {isa = PBXFileReference; lastKnownFileType = sourcecode.swift; path = andFactoryTestAppTests.swift; sourceTree = "<group>"; };
		2A97A58828B38BCA00AA51D4 /* andFactoryTestAppUITests.xctest */ = {isa = PBXFileReference; explicitFileType = wrapper.cfbundle; includeInIndex = 0; path = andFactoryTestAppUITests.xctest; sourceTree = BUILT_PRODUCTS_DIR; };
		2A97A58C28B38BCA00AA51D4 /* andFactoryTestAppUITests.swift */ = {isa = PBXFileReference; lastKnownFileType = sourcecode.swift; path = andFactoryTestAppUITests.swift; sourceTree = "<group>"; };
		2A97A58E28B38BCA00AA51D4 /* andFactoryTestAppUITestsLaunchTests.swift */ = {isa = PBXFileReference; lastKnownFileType = sourcecode.swift; path = andFactoryTestAppUITestsLaunchTests.swift; sourceTree = "<group>"; };
		2A97A59B28B3A2F800AA51D4 /* Multilingual.swift */ = {isa = PBXFileReference; lastKnownFileType = sourcecode.swift; path = Multilingual.swift; sourceTree = "<group>"; };
/* End PBXFileReference section */

/* Begin PBXFrameworksBuildPhase section */
		2A97A56528B38BC800AA51D4 /* Frameworks */ = {
			isa = PBXFrameworksBuildPhase;
			buildActionMask = 2147483647;
			files = (
			);
			runOnlyForDeploymentPostprocessing = 0;
		};
		2A97A57B28B38BCA00AA51D4 /* Frameworks */ = {
			isa = PBXFrameworksBuildPhase;
			buildActionMask = 2147483647;
			files = (
			);
			runOnlyForDeploymentPostprocessing = 0;
		};
		2A97A58528B38BCA00AA51D4 /* Frameworks */ = {
			isa = PBXFrameworksBuildPhase;
			buildActionMask = 2147483647;
			files = (
			);
			runOnlyForDeploymentPostprocessing = 0;
		};
/* End PBXFrameworksBuildPhase section */

/* Begin PBXGroup section */
		2A97A55F28B38BC800AA51D4 = {
			isa = PBXGroup;
			children = (
				2A97A56A28B38BC800AA51D4 /* andFactoryTestApp */,
				2A97A58128B38BCA00AA51D4 /* andFactoryTestAppTests */,
				2A97A58B28B38BCA00AA51D4 /* andFactoryTestAppUITests */,
				2A97A56928B38BC800AA51D4 /* Products */,
			);
			sourceTree = "<group>";
		};
		2A97A56928B38BC800AA51D4 /* Products */ = {
			isa = PBXGroup;
			children = (
				2A97A56828B38BC800AA51D4 /* andFactoryTestApp.app */,
				2A97A57E28B38BCA00AA51D4 /* andFactoryTestAppTests.xctest */,
				2A97A58828B38BCA00AA51D4 /* andFactoryTestAppUITests.xctest */,
			);
			name = Products;
			sourceTree = "<group>";
		};
		2A97A56A28B38BC800AA51D4 /* andFactoryTestApp */ = {
			isa = PBXGroup;
			children = (
				2A97A56B28B38BC800AA51D4 /* AppDelegate.swift */,
				2A97A56D28B38BC800AA51D4 /* SceneDelegate.swift */,
				2A97A56F28B38BC800AA51D4 /* GithubUserListViewController.swift */,
				2A97A59B28B3A2F800AA51D4 /* Multilingual.swift */,
				2A97A57128B38BC800AA51D4 /* Main.storyboard */,
				2A97A57428B38BCA00AA51D4 /* Assets.xcassets */,
				2A97A57628B38BCA00AA51D4 /* LaunchScreen.storyboard */,
				2A97A57928B38BCA00AA51D4 /* Info.plist */,
			);
			path = andFactoryTestApp;
			sourceTree = "<group>";
		};
		2A97A58128B38BCA00AA51D4 /* andFactoryTestAppTests */ = {
			isa = PBXGroup;
			children = (
				2A97A58228B38BCA00AA51D4 /* andFactoryTestAppTests.swift */,
			);
			path = andFactoryTestAppTests;
			sourceTree = "<group>";
		};
		2A97A58B28B38BCA00AA51D4 /* andFactoryTestAppUITests */ = {
			isa = PBXGroup;
			children = (
				2A97A58C28B38BCA00AA51D4 /* andFactoryTestAppUITests.swift */,
				2A97A58E28B38BCA00AA51D4 /* andFactoryTestAppUITestsLaunchTests.swift */,
			);
			path = andFactoryTestAppUITests;
			sourceTree = "<group>";
		};
/* End PBXGroup section */

/* Begin PBXNativeTarget section */
		2A97A56728B38BC800AA51D4 /* andFactoryTestApp */ = {
			isa = PBXNativeTarget;
			buildConfigurationList = 2A97A59228B38BCB00AA51D4 /* Build configuration list for PBXNativeTarget "andFactoryTestApp" */;
			buildPhases = (
				2A97A56428B38BC800AA51D4 /* Sources */,
				2A97A56528B38BC800AA51D4 /* Frameworks */,
				2A97A56628B38BC800AA51D4 /* Resources */,
			);
			buildRules = (
			);
			dependencies = (
			);
			name = andFactoryTestApp;
			productName = andFactoryTestApp;
			productReference = 2A97A56828B38BC800AA51D4 /* andFactoryTestApp.app */;
			productType = "com.apple.product-type.application";
		};
		2A97A57D28B38BCA00AA51D4 /* andFactoryTestAppTests */ = {
			isa = PBXNativeTarget;
			buildConfigurationList = 2A97A59528B38BCB00AA51D4 /* Build configuration list for PBXNativeTarget "andFactoryTestAppTests" */;
			buildPhases = (
				2A97A57A28B38BCA00AA51D4 /* Sources */,
				2A97A57B28B38BCA00AA51D4 /* Frameworks */,
				2A97A57C28B38BCA00AA51D4 /* Resources */,
			);
			buildRules = (
			);
			dependencies = (
				2A97A58028B38BCA00AA51D4 /* PBXTargetDependency */,
			);
			name = andFactoryTestAppTests;
			productName = andFactoryTestAppTests;
			productReference = 2A97A57E28B38BCA00AA51D4 /* andFactoryTestAppTests.xctest */;
			productType = "com.apple.product-type.bundle.unit-test";
		};
		2A97A58728B38BCA00AA51D4 /* andFactoryTestAppUITests */ = {
			isa = PBXNativeTarget;
			buildConfigurationList = 2A97A59828B38BCB00AA51D4 /* Build configuration list for PBXNativeTarget "andFactoryTestAppUITests" */;
			buildPhases = (
				2A97A58428B38BCA00AA51D4 /* Sources */,
				2A97A58528B38BCA00AA51D4 /* Frameworks */,
				2A97A58628B38BCA00AA51D4 /* Resources */,
			);
			buildRules = (
			);
			dependencies = (
				2A97A58A28B38BCA00AA51D4 /* PBXTargetDependency */,
			);
			name = andFactoryTestAppUITests;
			productName = andFactoryTestAppUITests;
			productReference = 2A97A58828B38BCA00AA51D4 /* andFactoryTestAppUITests.xctest */;
			productType = "com.apple.product-type.bundle.ui-testing";
		};
/* End PBXNativeTarget section */

/* Begin PBXProject section */
		2A97A56028B38BC800AA51D4 /* Project object */ = {
			isa = PBXProject;
			attributes = {
				BuildIndependentTargetsInParallel = 1;
				LastSwiftUpdateCheck = 1340;
				LastUpgradeCheck = 1340;
				TargetAttributes = {
					2A97A56728B38BC800AA51D4 = {
						CreatedOnToolsVersion = 13.4.1;
					};
					2A97A57D28B38BCA00AA51D4 = {
						CreatedOnToolsVersion = 13.4.1;
						TestTargetID = 2A97A56728B38BC800AA51D4;
					};
					2A97A58728B38BCA00AA51D4 = {
						CreatedOnToolsVersion = 13.4.1;
						TestTargetID = 2A97A56728B38BC800AA51D4;
					};
				};
			};
			buildConfigurationList = 2A97A56328B38BC800AA51D4 /* Build configuration list for PBXProject "andFactoryTestApp" */;
			compatibilityVersion = "Xcode 13.0";
			developmentRegion = en;
			hasScannedForEncodings = 0;
			knownRegions = (
				en,
				Base,
			);
			mainGroup = 2A97A55F28B38BC800AA51D4;
			productRefGroup = 2A97A56928B38BC800AA51D4 /* Products */;
			projectDirPath = "";
			projectRoot = "";
			targets = (
				2A97A56728B38BC800AA51D4 /* andFactoryTestApp */,
				2A97A57D28B38BCA00AA51D4 /* andFactoryTestAppTests */,
				2A97A58728B38BCA00AA51D4 /* andFactoryTestAppUITests */,
			);
		};
/* End PBXProject section */

/* Begin PBXResourcesBuildPhase section */
		2A97A56628B38BC800AA51D4 /* Resources */ = {
			isa = PBXResourcesBuildPhase;
			buildActionMask = 2147483647;
			files = (
				2A97A57828B38BCA00AA51D4 /* LaunchScreen.storyboard in Resources */,
				2A97A57528B38BCA00AA51D4 /* Assets.xcassets in Resources */,
				2A97A57328B38BC800AA51D4 /* Main.storyboard in Resources */,
			);
			runOnlyForDeploymentPostprocessing = 0;
		};
		2A97A57C28B38BCA00AA51D4 /* Resources */ = {
			isa = PBXResourcesBuildPhase;
			buildActionMask = 2147483647;
			files = (
			);
			runOnlyForDeploymentPostprocessing = 0;
		};
		2A97A58628B38BCA00AA51D4 /* Resources */ = {
			isa = PBXResourcesBuildPhase;
			buildActionMask = 2147483647;
			files = (
			);
			runOnlyForDeploymentPostprocessing = 0;
		};
/* End PBXResourcesBuildPhase section */

/* Begin PBXSourcesBuildPhase section */
		2A97A56428B38BC800AA51D4 /* Sources */ = {
			isa = PBXSourcesBuildPhase;
			buildActionMask = 2147483647;
			files = (
				2A97A59C28B3A2F800AA51D4 /* Multilingual.swift in Sources */,
				2A97A57028B38BC800AA51D4 /* GithubUserListViewController.swift in Sources */,
				2A97A56C28B38BC800AA51D4 /* AppDelegate.swift in Sources */,
				2A97A56E28B38BC800AA51D4 /* SceneDelegate.swift in Sources */,
			);
			runOnlyForDeploymentPostprocessing = 0;
		};
		2A97A57A28B38BCA00AA51D4 /* Sources */ = {
			isa = PBXSourcesBuildPhase;
			buildActionMask = 2147483647;
			files = (
				2A97A58328B38BCA00AA51D4 /* andFactoryTestAppTests.swift in Sources */,
			);
			runOnlyForDeploymentPostprocessing = 0;
		};
		2A97A58428B38BCA00AA51D4 /* Sources */ = {
			isa = PBXSourcesBuildPhase;
			buildActionMask = 2147483647;
			files = (
				2A97A58D28B38BCA00AA51D4 /* andFactoryTestAppUITests.swift in Sources */,
				2A97A58F28B38BCA00AA51D4 /* andFactoryTestAppUITestsLaunchTests.swift in Sources */,
			);
			runOnlyForDeploymentPostprocessing = 0;
		};
/* End PBXSourcesBuildPhase section */

/* Begin PBXTargetDependency section */
		2A97A58028B38BCA00AA51D4 /* PBXTargetDependency */ = {
			isa = PBXTargetDependency;
			target = 2A97A56728B38BC800AA51D4 /* andFactoryTestApp */;
			targetProxy = 2A97A57F28B38BCA00AA51D4 /* PBXContainerItemProxy */;
		};
		2A97A58A28B38BCA00AA51D4 /* PBXTargetDependency */ = {
			isa = PBXTargetDependency;
			target = 2A97A56728B38BC800AA51D4 /* andFactoryTestApp */;
			targetProxy = 2A97A58928B38BCA00AA51D4 /* PBXContainerItemProxy */;
		};
/* End PBXTargetDependency section */

/* Begin PBXVariantGroup section */
		2A97A57128B38BC800AA51D4 /* Main.storyboard */ = {
			isa = PBXVariantGroup;
			children = (
				2A97A57228B38BC800AA51D4 /* Base */,
			);
			name = Main.storyboard;
			sourceTree = "<group>";
		};
		2A97A57628B38BCA00AA51D4 /* LaunchScreen.storyboard */ = {
			isa = PBXVariantGroup;
			children = (
				2A97A57728B38BCA00AA51D4 /* Base */,
			);
			name = LaunchScreen.storyboard;
			sourceTree = "<group>";
		};
/* End PBXVariantGroup section */

/* Begin XCBuildConfiguration section */
		2A97A59028B38BCA00AA51D4 /* Debug */ = {
			isa = XCBuildConfiguration;
			buildSettings = {
				ALWAYS_SEARCH_USER_PATHS = NO;
				CLANG_ANALYZER_NONNULL = YES;
				CLANG_ANALYZER_NUMBER_OBJECT_CONVERSION = YES_AGGRESSIVE;
				CLANG_CXX_LANGUAGE_STANDARD = "gnu++17";
				CLANG_ENABLE_MODULES = YES;
				CLANG_ENABLE_OBJC_ARC = YES;
				CLANG_ENABLE_OBJC_WEAK = YES;
				CLANG_WARN_BLOCK_CAPTURE_AUTORELEASING = YES;
				CLANG_WARN_BOOL_CONVERSION = YES;
				CLANG_WARN_COMMA = YES;
				CLANG_WARN_CONSTANT_CONVERSION = YES;
				CLANG_WARN_DEPRECATED_OBJC_IMPLEMENTATIONS = YES;
				CLANG_WARN_DIRECT_OBJC_ISA_USAGE = YES_ERROR;
				CLANG_WARN_DOCUMENTATION_COMMENTS = YES;
				CLANG_WARN_EMPTY_BODY = YES;
				CLANG_WARN_ENUM_CONVERSION = YES;
				CLANG_WARN_INFINITE_RECURSION = YES;
				CLANG_WARN_INT_CONVERSION = YES;
				CLANG_WARN_NON_LITERAL_NULL_CONVERSION = YES;
				CLANG_WARN_OBJC_IMPLICIT_RETAIN_SELF = YES;
				CLANG_WARN_OBJC_LITERAL_CONVERSION = YES;
				CLANG_WARN_OBJC_ROOT_CLASS = YES_ERROR;
				CLANG_WARN_QUOTED_INCLUDE_IN_FRAMEWORK_HEADER = YES;
				CLANG_WARN_RANGE_LOOP_ANALYSIS = YES;
				CLANG_WARN_STRICT_PROTOTYPES = YES;
				CLANG_WARN_SUSPICIOUS_MOVE = YES;
				CLANG_WARN_UNGUARDED_AVAILABILITY = YES_AGGRESSIVE;
				CLANG_WARN_UNREACHABLE_CODE = YES;
				CLANG_WARN__DUPLICATE_METHOD_MATCH = YES;
				COPY_PHASE_STRIP = NO;
				DEBUG_INFORMATION_FORMAT = dwarf;
				ENABLE_STRICT_OBJC_MSGSEND = YES;
				ENABLE_TESTABILITY = YES;
				GCC_C_LANGUAGE_STANDARD = gnu11;
				GCC_DYNAMIC_NO_PIC = NO;
				GCC_NO_COMMON_BLOCKS = YES;
				GCC_OPTIMIZATION_LEVEL = 0;
				GCC_PREPROCESSOR_DEFINITIONS = (
					"DEBUG=1",
					"$(inherited)",
				);
				GCC_WARN_64_TO_32_BIT_CONVERSION = YES;
				GCC_WARN_ABOUT_RETURN_TYPE = YES_ERROR;
				GCC_WARN_UNDECLARED_SELECTOR = YES;
				GCC_WARN_UNINITIALIZED_AUTOS = YES_AGGRESSIVE;
				GCC_WARN_UNUSED_FUNCTION = YES;
				GCC_WARN_UNUSED_VARIABLE = YES;
				IPHONEOS_DEPLOYMENT_TARGET = 15.0;
				MTL_ENABLE_DEBUG_INFO = INCLUDE_SOURCE;
				MTL_FAST_MATH = YES;
				ONLY_ACTIVE_ARCH = YES;
				SDKROOT = iphoneos;
				SWIFT_ACTIVE_COMPILATION_CONDITIONS = DEBUG;
				SWIFT_OPTIMIZATION_LEVEL = "-Onone";
			};
			name = Debug;
		};
		2A97A59128B38BCA00AA51D4 /* Release */ = {
			isa = XCBuildConfiguration;
			buildSettings = {
				ALWAYS_SEARCH_USER_PATHS = NO;
				CLANG_ANALYZER_NONNULL = YES;
				CLANG_ANALYZER_NUMBER_OBJECT_CONVERSION = YES_AGGRESSIVE;
				CLANG_CXX_LANGUAGE_STANDARD = "gnu++17";
				CLANG_ENABLE_MODULES = YES;
				CLANG_ENABLE_OBJC_ARC = YES;
				CLANG_ENABLE_OBJC_WEAK = YES;
				CLANG_WARN_BLOCK_CAPTURE_AUTORELEASING = YES;
				CLANG_WARN_BOOL_CONVERSION = YES;
				CLANG_WARN_COMMA = YES;
				CLANG_WARN_CONSTANT_CONVERSION = YES;
				CLANG_WARN_DEPRECATED_OBJC_IMPLEMENTATIONS = YES;
				CLANG_WARN_DIRECT_OBJC_ISA_USAGE = YES_ERROR;
				CLANG_WARN_DOCUMENTATION_COMMENTS = YES;
				CLANG_WARN_EMPTY_BODY = YES;
				CLANG_WARN_ENUM_CONVERSION = YES;
				CLANG_WARN_INFINITE_RECURSION = YES;
				CLANG_WARN_INT_CONVERSION = YES;
				CLANG_WARN_NON_LITERAL_NULL_CONVERSION = YES;
				CLANG_WARN_OBJC_IMPLICIT_RETAIN_SELF = YES;
				CLANG_WARN_OBJC_LITERAL_CONVERSION = YES;
				CLANG_WARN_OBJC_ROOT_CLASS = YES_ERROR;
				CLANG_WARN_QUOTED_INCLUDE_IN_FRAMEWORK_HEADER = YES;
				CLANG_WARN_RANGE_LOOP_ANALYSIS = YES;
				CLANG_WARN_STRICT_PROTOTYPES = YES;
				CLANG_WARN_SUSPICIOUS_MOVE = YES;
				CLANG_WARN_UNGUARDED_AVAILABILITY = YES_AGGRESSIVE;
				CLANG_WARN_UNREACHABLE_CODE = YES;
				CLANG_WARN__DUPLICATE_METHOD_MATCH = YES;
				COPY_PHASE_STRIP = NO;
				DEBUG_INFORMATION_FORMAT = "dwarf-with-dsym";
				ENABLE_NS_ASSERTIONS = NO;
				ENABLE_STRICT_OBJC_MSGSEND = YES;
				GCC_C_LANGUAGE_STANDARD = gnu11;
				GCC_NO_COMMON_BLOCKS = YES;
				GCC_WARN_64_TO_32_BIT_CONVERSION = YES;
				GCC_WARN_ABOUT_RETURN_TYPE = YES_ERROR;
				GCC_WARN_UNDECLARED_SELECTOR = YES;
				GCC_WARN_UNINITIALIZED_AUTOS = YES_AGGRESSIVE;
				GCC_WARN_UNUSED_FUNCTION = YES;
				GCC_WARN_UNUSED_VARIABLE = YES;
				IPHONEOS_DEPLOYMENT_TARGET = 15.0;
				MTL_ENABLE_DEBUG_INFO = NO;
				MTL_FAST_MATH = YES;
				SDKROOT = iphoneos;
				SWIFT_COMPILATION_MODE = wholemodule;
				SWIFT_OPTIMIZATION_LEVEL = "-O";
				VALIDATE_PRODUCT = YES;
			};
			name = Release;
		};
		2A97A59328B38BCB00AA51D4 /* Debug */ = {
			isa = XCBuildConfiguration;
			buildSettings = {
				ASSETCATALOG_COMPILER_APPICON_NAME = AppIcon;
				ASSETCATALOG_COMPILER_GLOBAL_ACCENT_COLOR_NAME = AccentColor;
				CODE_SIGN_STYLE = Automatic;
				CURRENT_PROJECT_VERSION = 1;
				DEVELOPMENT_TEAM = NM58RL3P2Y;
				GENERATE_INFOPLIST_FILE = YES;
				INFOPLIST_FILE = andFactoryTestApp/Info.plist;
				INFOPLIST_KEY_CFBundleDisplayName = andFactoryTestApp;
				INFOPLIST_KEY_UIApplicationSupportsIndirectInputEvents = YES;
				INFOPLIST_KEY_UILaunchStoryboardName = LaunchScreen;
				INFOPLIST_KEY_UIMainStoryboardFile = Main;
				INFOPLIST_KEY_UISupportedInterfaceOrientations_iPad = "UIInterfaceOrientationPortrait UIInterfaceOrientationPortraitUpsideDown UIInterfaceOrientationLandscapeLeft UIInterfaceOrientationLandscapeRight";
				INFOPLIST_KEY_UISupportedInterfaceOrientations_iPhone = "UIInterfaceOrientationPortrait UIInterfaceOrientationLandscapeLeft UIInterfaceOrientationLandscapeRight";
				LD_RUNPATH_SEARCH_PATHS = (
					"$(inherited)",
					"@executable_path/Frameworks",
				);
				MARKETING_VERSION = 1.0;
				PRODUCT_BUNDLE_IDENTIFIER = com.gmail.yuu99.331.andFactoryTestApp;
				PRODUCT_NAME = "$(TARGET_NAME)";
				SWIFT_EMIT_LOC_STRINGS = YES;
				SWIFT_VERSION = 5.0;
				TARGETED_DEVICE_FAMILY = 1;
			};
			name = Debug;
		};
		2A97A59428B38BCB00AA51D4 /* Release */ = {
			isa = XCBuildConfiguration;
			buildSettings = {
				ASSETCATALOG_COMPILER_APPICON_NAME = AppIcon;
				ASSETCATALOG_COMPILER_GLOBAL_ACCENT_COLOR_NAME = AccentColor;
				CODE_SIGN_STYLE = Automatic;
				CURRENT_PROJECT_VERSION = 1;
				DEVELOPMENT_TEAM = NM58RL3P2Y;
				GENERATE_INFOPLIST_FILE = YES;
				INFOPLIST_FILE = andFactoryTestApp/Info.plist;
				INFOPLIST_KEY_CFBundleDisplayName = andFactoryTestApp;
				INFOPLIST_KEY_UIApplicationSupportsIndirectInputEvents = YES;
				INFOPLIST_KEY_UILaunchStoryboardName = LaunchScreen;
				INFOPLIST_KEY_UIMainStoryboardFile = Main;
				INFOPLIST_KEY_UISupportedInterfaceOrientations_iPad = "UIInterfaceOrientationPortrait UIInterfaceOrientationPortraitUpsideDown UIInterfaceOrientationLandscapeLeft UIInterfaceOrientationLandscapeRight";
				INFOPLIST_KEY_UISupportedInterfaceOrientations_iPhone = "UIInterfaceOrientationPortrait UIInterfaceOrientationLandscapeLeft UIInterfaceOrientationLandscapeRight";
				LD_RUNPATH_SEARCH_PATHS = (
					"$(inherited)",
					"@executable_path/Frameworks",
				);
				MARKETING_VERSION = 1.0;
				PRODUCT_BUNDLE_IDENTIFIER = com.gmail.yuu99.331.andFactoryTestApp;
				PRODUCT_NAME = "$(TARGET_NAME)";
				SWIFT_EMIT_LOC_STRINGS = YES;
				SWIFT_VERSION = 5.0;
				TARGETED_DEVICE_FAMILY = 1;
			};
			name = Release;
		};
		2A97A59628B38BCB00AA51D4 /* Debug */ = {
			isa = XCBuildConfiguration;
			buildSettings = {
				ALWAYS_EMBED_SWIFT_STANDARD_LIBRARIES = YES;
				BUNDLE_LOADER = "$(TEST_HOST)";
				CODE_SIGN_STYLE = Automatic;
				CURRENT_PROJECT_VERSION = 1;
				DEVELOPMENT_TEAM = NM58RL3P2Y;
				GENERATE_INFOPLIST_FILE = YES;
				IPHONEOS_DEPLOYMENT_TARGET = 15.0;
				MARKETING_VERSION = 1.0;
				PRODUCT_BUNDLE_IDENTIFIER = com.gmail.yuu99.331.andFactoryTestAppTests;
				PRODUCT_NAME = "$(TARGET_NAME)";
				SWIFT_EMIT_LOC_STRINGS = NO;
				SWIFT_VERSION = 5.0;
				TARGETED_DEVICE_FAMILY = "1,2";
				TEST_HOST = "$(BUILT_PRODUCTS_DIR)/andFactoryTestApp.app/andFactoryTestApp";
			};
			name = Debug;
		};
		2A97A59728B38BCB00AA51D4 /* Release */ = {
			isa = XCBuildConfiguration;
			buildSettings = {
				ALWAYS_EMBED_SWIFT_STANDARD_LIBRARIES = YES;
				BUNDLE_LOADER = "$(TEST_HOST)";
				CODE_SIGN_STYLE = Automatic;
				CURRENT_PROJECT_VERSION = 1;
				DEVELOPMENT_TEAM = NM58RL3P2Y;
				GENERATE_INFOPLIST_FILE = YES;
				IPHONEOS_DEPLOYMENT_TARGET = 15.0;
				MARKETING_VERSION = 1.0;
				PRODUCT_BUNDLE_IDENTIFIER = com.gmail.yuu99.331.andFactoryTestAppTests;
				PRODUCT_NAME = "$(TARGET_NAME)";
				SWIFT_EMIT_LOC_STRINGS = NO;
				SWIFT_VERSION = 5.0;
				TARGETED_DEVICE_FAMILY = "1,2";
				TEST_HOST = "$(BUILT_PRODUCTS_DIR)/andFactoryTestApp.app/andFactoryTestApp";
			};
			name = Release;
		};
		2A97A59928B38BCB00AA51D4 /* Debug */ = {
			isa = XCBuildConfiguration;
			buildSettings = {
				ALWAYS_EMBED_SWIFT_STANDARD_LIBRARIES = YES;
				CODE_SIGN_STYLE = Automatic;
				CURRENT_PROJECT_VERSION = 1;
				DEVELOPMENT_TEAM = NM58RL3P2Y;
				GENERATE_INFOPLIST_FILE = YES;
				MARKETING_VERSION = 1.0;
				PRODUCT_BUNDLE_IDENTIFIER = com.gmail.yuu99.331.andFactoryTestAppUITests;
				PRODUCT_NAME = "$(TARGET_NAME)";
				SWIFT_EMIT_LOC_STRINGS = NO;
				SWIFT_VERSION = 5.0;
				TARGETED_DEVICE_FAMILY = "1,2";
				TEST_TARGET_NAME = andFactoryTestApp;
			};
			name = Debug;
		};
		2A97A59A28B38BCB00AA51D4 /* Release */ = {
			isa = XCBuildConfiguration;
			buildSettings = {
				ALWAYS_EMBED_SWIFT_STANDARD_LIBRARIES = YES;
				CODE_SIGN_STYLE = Automatic;
				CURRENT_PROJECT_VERSION = 1;
				DEVELOPMENT_TEAM = NM58RL3P2Y;
				GENERATE_INFOPLIST_FILE = YES;
				MARKETING_VERSION = 1.0;
				PRODUCT_BUNDLE_IDENTIFIER = com.gmail.yuu99.331.andFactoryTestAppUITests;
				PRODUCT_NAME = "$(TARGET_NAME)";
				SWIFT_EMIT_LOC_STRINGS = NO;
				SWIFT_VERSION = 5.0;
				TARGETED_DEVICE_FAMILY = "1,2";
				TEST_TARGET_NAME = andFactoryTestApp;
			};
			name = Release;
		};
/* End XCBuildConfiguration section */

/* Begin XCConfigurationList section */
		2A97A56328B38BC800AA51D4 /* Build configuration list for PBXProject "andFactoryTestApp" */ = {
			isa = XCConfigurationList;
			buildConfigurations = (
				2A97A59028B38BCA00AA51D4 /* Debug */,
				2A97A59128B38BCA00AA51D4 /* Release */,
			);
			defaultConfigurationIsVisible = 0;
			defaultConfigurationName = Release;
		};
		2A97A59228B38BCB00AA51D4 /* Build configuration list for PBXNativeTarget "andFactoryTestApp" */ = {
			isa = XCConfigurationList;
			buildConfigurations = (
				2A97A59328B38BCB00AA51D4 /* Debug */,
				2A97A59428B38BCB00AA51D4 /* Release */,
			);
			defaultConfigurationIsVisible = 0;
			defaultConfigurationName = Release;
		};
		2A97A59528B38BCB00AA51D4 /* Build configuration list for PBXNativeTarget "andFactoryTestAppTests" */ = {
			isa = XCConfigurationList;
			buildConfigurations = (
				2A97A59628B38BCB00AA51D4 /* Debug */,
				2A97A59728B38BCB00AA51D4 /* Release */,
			);
			defaultConfigurationIsVisible = 0;
			defaultConfigurationName = Release;
		};
		2A97A59828B38BCB00AA51D4 /* Build configuration list for PBXNativeTarget "andFactoryTestAppUITests" */ = {
			isa = XCConfigurationList;
			buildConfigurations = (
				2A97A59928B38BCB00AA51D4 /* Debug */,
				2A97A59A28B38BCB00AA51D4 /* Release */,
			);
			defaultConfigurationIsVisible = 0;
			defaultConfigurationName = Release;
		};
/* End XCConfigurationList section */
	};
	rootObject = 2A97A56028B38BC800AA51D4 /* Project object */;
}
